// !$*UTF8*$!
{
	archiveVersion = 1;
	classes = {
	};
	objectVersion = 77;
	objects = {

/* Begin PBXBuildFile section */
		C0AB374E2D611BC0008046B1 /* AppDelegate.swift in Sources */ = {isa = PBXBuildFile; fileRef = C0AB374D2D611BC0008046B1 /* AppDelegate.swift */; };
		C0AB37502D611BC0008046B1 /* SceneDelegate.swift in Sources */ = {isa = PBXBuildFile; fileRef = C0AB374F2D611BC0008046B1 /* SceneDelegate.swift */; };
		C0AB37532D611BC0008046B1 /* LaunchScreen.storyboard in Resources */ = {isa = PBXBuildFile; fileRef = C0AB37512D611BC0008046B1 /* LaunchScreen.storyboard */; };
		C0AB37562D611BC0008046B1 /* Main.storyboard in Resources */ = {isa = PBXBuildFile; fileRef = C0AB37542D611BC0008046B1 /* Main.storyboard */; };
		C0AB375F2D611BC0008046B1 /* AppDelegate.swift in Sources */ = {isa = PBXBuildFile; fileRef = C0AB375E2D611BC0008046B1 /* AppDelegate.swift */; };
		C0AB37622D611BC0008046B1 /* Main.storyboard in Resources */ = {isa = PBXBuildFile; fileRef = C0AB37602D611BC0008046B1 /* Main.storyboard */; };
		C0AB376A2D611BC0008046B1 /* Omni Bookmark Extension.appex in Embed Foundation Extensions */ = {isa = PBXBuildFile; fileRef = C0AB37692D611BC0008046B1 /* Omni Bookmark Extension.appex */; settings = {ATTRIBUTES = (RemoveHeadersOnCopy, ); }; };
		C0AB37742D611BC0008046B1 /* Omni Bookmark Extension.appex in Embed Foundation Extensions */ = {isa = PBXBuildFile; fileRef = C0AB37732D611BC0008046B1 /* Omni Bookmark Extension.appex */; settings = {ATTRIBUTES = (RemoveHeadersOnCopy, ); }; };
		C0AB377A2D611BC0008046B1 /* Main.html in Resources */ = {isa = PBXBuildFile; fileRef = C0AB373D2D611BBF008046B1 /* Main.html */; };
		C0AB377B2D611BC0008046B1 /* Main.html in Resources */ = {isa = PBXBuildFile; fileRef = C0AB373D2D611BBF008046B1 /* Main.html */; };
		C0AB377C2D611BC0008046B1 /* Icon.png in Resources */ = {isa = PBXBuildFile; fileRef = C0AB373F2D611BBF008046B1 /* Icon.png */; };
		C0AB377D2D611BC0008046B1 /* Icon.png in Resources */ = {isa = PBXBuildFile; fileRef = C0AB373F2D611BBF008046B1 /* Icon.png */; };
		C0AB377E2D611BC0008046B1 /* Style.css in Resources */ = {isa = PBXBuildFile; fileRef = C0AB37402D611BBF008046B1 /* Style.css */; };
		C0AB377F2D611BC0008046B1 /* Style.css in Resources */ = {isa = PBXBuildFile; fileRef = C0AB37402D611BBF008046B1 /* Style.css */; };
		C0AB37802D611BC0008046B1 /* Script.js in Resources */ = {isa = PBXBuildFile; fileRef = C0AB37412D611BBF008046B1 /* Script.js */; };
		C0AB37812D611BC0008046B1 /* Script.js in Resources */ = {isa = PBXBuildFile; fileRef = C0AB37412D611BBF008046B1 /* Script.js */; };
		C0AB37822D611BC0008046B1 /* ViewController.swift in Sources */ = {isa = PBXBuildFile; fileRef = C0AB37422D611BBF008046B1 /* ViewController.swift */; };
		C0AB37832D611BC0008046B1 /* ViewController.swift in Sources */ = {isa = PBXBuildFile; fileRef = C0AB37422D611BBF008046B1 /* ViewController.swift */; };
		C0AB37842D611BC0008046B1 /* Assets.xcassets in Resources */ = {isa = PBXBuildFile; fileRef = C0AB37432D611BC0008046B1 /* Assets.xcassets */; };
		C0AB37852D611BC0008046B1 /* Assets.xcassets in Resources */ = {isa = PBXBuildFile; fileRef = C0AB37432D611BC0008046B1 /* Assets.xcassets */; };
		C0AB37862D611BC0008046B1 /* SafariWebExtensionHandler.swift in Sources */ = {isa = PBXBuildFile; fileRef = C0AB37452D611BC0008046B1 /* SafariWebExtensionHandler.swift */; };
		C0AB37872D611BC0008046B1 /* SafariWebExtensionHandler.swift in Sources */ = {isa = PBXBuildFile; fileRef = C0AB37452D611BC0008046B1 /* SafariWebExtensionHandler.swift */; };
		C0AB37A12D611BC0008046B1 /* icon16.png in Resources */ = {isa = PBXBuildFile; fileRef = C0AB37992D611BC0008046B1 /* icon16.png */; };
		C0AB37A22D611BC0008046B1 /* background.js in Resources */ = {isa = PBXBuildFile; fileRef = C0AB379A2D611BC0008046B1 /* background.js */; };
		C0AB37A32D611BC0008046B1 /* icon48.png in Resources */ = {isa = PBXBuildFile; fileRef = C0AB379B2D611BC0008046B1 /* icon48.png */; };
		C0AB37A42D611BC0008046B1 /* icon128.png in Resources */ = {isa = PBXBuildFile; fileRef = C0AB379C2D611BC0008046B1 /* icon128.png */; };
		C0AB37A52D611BC0008046B1 /* icon96.png in Resources */ = {isa = PBXBuildFile; fileRef = C0AB379D2D611BC0008046B1 /* icon96.png */; };
		C0AB37A62D611BC0008046B1 /* manifest.json in Resources */ = {isa = PBXBuildFile; fileRef = C0AB379E2D611BC0008046B1 /* manifest.json */; };
		C0AB37A72D611BC0008046B1 /* settings.html in Resources */ = {isa = PBXBuildFile; fileRef = C0AB379F2D611BC0008046B1 /* settings.html */; };
		C0AB37A82D611BC0008046B1 /* settings.js in Resources */ = {isa = PBXBuildFile; fileRef = C0AB37A02D611BC0008046B1 /* settings.js */; };
		C0AB37A92D611BC0008046B1 /* icon16.png in Resources */ = {isa = PBXBuildFile; fileRef = C0AB37992D611BC0008046B1 /* icon16.png */; };
		C0AB37AA2D611BC0008046B1 /* background.js in Resources */ = {isa = PBXBuildFile; fileRef = C0AB379A2D611BC0008046B1 /* background.js */; };
		C0AB37AB2D611BC0008046B1 /* icon48.png in Resources */ = {isa = PBXBuildFile; fileRef = C0AB379B2D611BC0008046B1 /* icon48.png */; };
		C0AB37AC2D611BC0008046B1 /* icon128.png in Resources */ = {isa = PBXBuildFile; fileRef = C0AB379C2D611BC0008046B1 /* icon128.png */; };
		C0AB37AD2D611BC0008046B1 /* icon96.png in Resources */ = {isa = PBXBuildFile; fileRef = C0AB379D2D611BC0008046B1 /* icon96.png */; };
		C0AB37AE2D611BC0008046B1 /* manifest.json in Resources */ = {isa = PBXBuildFile; fileRef = C0AB379E2D611BC0008046B1 /* manifest.json */; };
		C0AB37AF2D611BC0008046B1 /* settings.html in Resources */ = {isa = PBXBuildFile; fileRef = C0AB379F2D611BC0008046B1 /* settings.html */; };
		C0AB37B02D611BC0008046B1 /* settings.js in Resources */ = {isa = PBXBuildFile; fileRef = C0AB37A02D611BC0008046B1 /* settings.js */; };
/* End PBXBuildFile section */

/* Begin PBXContainerItemProxy section */
		C0AB376B2D611BC0008046B1 /* PBXContainerItemProxy */ = {
			isa = PBXContainerItemProxy;
			containerPortal = C0AB37372D611BBF008046B1 /* Project object */;
			proxyType = 1;
			remoteGlobalIDString = C0AB37682D611BC0008046B1;
			remoteInfo = "Omni Bookmark Extension (iOS)";
		};
		C0AB37752D611BC0008046B1 /* PBXContainerItemProxy */ = {
			isa = PBXContainerItemProxy;
			containerPortal = C0AB37372D611BBF008046B1 /* Project object */;
			proxyType = 1;
			remoteGlobalIDString = C0AB37722D611BC0008046B1;
			remoteInfo = "Omni Bookmark Extension (macOS)";
		};
/* End PBXContainerItemProxy section */

/* Begin PBXCopyFilesBuildPhase section */
		C0AB378D2D611BC0008046B1 /* Embed Foundation Extensions */ = {
			isa = PBXCopyFilesBuildPhase;
			buildActionMask = 2147483647;
			dstPath = "";
			dstSubfolderSpec = 13;
			files = (
				C0AB376A2D611BC0008046B1 /* Omni Bookmark Extension.appex in Embed Foundation Extensions */,
			);
			name = "Embed Foundation Extensions";
			runOnlyForDeploymentPostprocessing = 0;
		};
		C0AB37942D611BC0008046B1 /* Embed Foundation Extensions */ = {
			isa = PBXCopyFilesBuildPhase;
			buildActionMask = 2147483647;
			dstPath = "";
			dstSubfolderSpec = 13;
			files = (
				C0AB37742D611BC0008046B1 /* Omni Bookmark Extension.appex in Embed Foundation Extensions */,
			);
			name = "Embed Foundation Extensions";
			runOnlyForDeploymentPostprocessing = 0;
		};
/* End PBXCopyFilesBuildPhase section */

/* Begin PBXFileReference section */
		C0AB373E2D611BBF008046B1 /* Base */ = {isa = PBXFileReference; lastKnownFileType = text.html; name = Base; path = Base.lproj/Main.html; sourceTree = "<group>"; };
		C0AB373F2D611BBF008046B1 /* Icon.png */ = {isa = PBXFileReference; lastKnownFileType = image.png; path = Icon.png; sourceTree = "<group>"; };
		C0AB37402D611BBF008046B1 /* Style.css */ = {isa = PBXFileReference; lastKnownFileType = text.css; path = Style.css; sourceTree = "<group>"; };
		C0AB37412D611BBF008046B1 /* Script.js */ = {isa = PBXFileReference; lastKnownFileType = sourcecode.javascript; path = Script.js; sourceTree = "<group>"; };
		C0AB37422D611BBF008046B1 /* ViewController.swift */ = {isa = PBXFileReference; lastKnownFileType = sourcecode.swift; path = ViewController.swift; sourceTree = "<group>"; };
		C0AB37432D611BC0008046B1 /* Assets.xcassets */ = {isa = PBXFileReference; lastKnownFileType = folder.assetcatalog; path = Assets.xcassets; sourceTree = "<group>"; };
		C0AB37452D611BC0008046B1 /* SafariWebExtensionHandler.swift */ = {isa = PBXFileReference; lastKnownFileType = sourcecode.swift; path = SafariWebExtensionHandler.swift; sourceTree = "<group>"; };
		C0AB374A2D611BC0008046B1 /* Omni Bookmark.app */ = {isa = PBXFileReference; explicitFileType = wrapper.application; includeInIndex = 0; path = "Omni Bookmark.app"; sourceTree = BUILT_PRODUCTS_DIR; };
		C0AB374D2D611BC0008046B1 /* AppDelegate.swift */ = {isa = PBXFileReference; lastKnownFileType = sourcecode.swift; path = AppDelegate.swift; sourceTree = "<group>"; };
		C0AB374F2D611BC0008046B1 /* SceneDelegate.swift */ = {isa = PBXFileReference; lastKnownFileType = sourcecode.swift; path = SceneDelegate.swift; sourceTree = "<group>"; };
		C0AB37522D611BC0008046B1 /* Base */ = {isa = PBXFileReference; lastKnownFileType = file.storyboard; name = Base; path = Base.lproj/LaunchScreen.storyboard; sourceTree = "<group>"; };
		C0AB37552D611BC0008046B1 /* Base */ = {isa = PBXFileReference; lastKnownFileType = file.storyboard; name = Base; path = Base.lproj/Main.storyboard; sourceTree = "<group>"; };
		C0AB37572D611BC0008046B1 /* Info.plist */ = {isa = PBXFileReference; lastKnownFileType = text.plist.xml; path = Info.plist; sourceTree = "<group>"; };
		C0AB375C2D611BC0008046B1 /* Omni Bookmark.app */ = {isa = PBXFileReference; explicitFileType = wrapper.application; includeInIndex = 0; path = "Omni Bookmark.app"; sourceTree = BUILT_PRODUCTS_DIR; };
		C0AB375E2D611BC0008046B1 /* AppDelegate.swift */ = {isa = PBXFileReference; lastKnownFileType = sourcecode.swift; path = AppDelegate.swift; sourceTree = "<group>"; };
		C0AB37612D611BC0008046B1 /* Base */ = {isa = PBXFileReference; lastKnownFileType = file.storyboard; name = Base; path = Base.lproj/Main.storyboard; sourceTree = "<group>"; };
		C0AB37632D611BC0008046B1 /* Info.plist */ = {isa = PBXFileReference; lastKnownFileType = text.plist.xml; path = Info.plist; sourceTree = "<group>"; };
		C0AB37642D611BC0008046B1 /* Omni Bookmark.entitlements */ = {isa = PBXFileReference; lastKnownFileType = text.plist.entitlements; path = "Omni Bookmark.entitlements"; sourceTree = "<group>"; };
		C0AB37692D611BC0008046B1 /* Omni Bookmark Extension.appex */ = {isa = PBXFileReference; explicitFileType = "wrapper.app-extension"; includeInIndex = 0; path = "Omni Bookmark Extension.appex"; sourceTree = BUILT_PRODUCTS_DIR; };
		C0AB376E2D611BC0008046B1 /* Info.plist */ = {isa = PBXFileReference; lastKnownFileType = text.plist.xml; path = Info.plist; sourceTree = "<group>"; };
		C0AB37732D611BC0008046B1 /* Omni Bookmark Extension.appex */ = {isa = PBXFileReference; explicitFileType = "wrapper.app-extension"; includeInIndex = 0; path = "Omni Bookmark Extension.appex"; sourceTree = BUILT_PRODUCTS_DIR; };
		C0AB37782D611BC0008046B1 /* Info.plist */ = {isa = PBXFileReference; lastKnownFileType = text.plist.xml; path = Info.plist; sourceTree = "<group>"; };
		C0AB37792D611BC0008046B1 /* Omni Bookmark.entitlements */ = {isa = PBXFileReference; lastKnownFileType = text.plist.entitlements; path = "Omni Bookmark.entitlements"; sourceTree = "<group>"; };
		C0AB37992D611BC0008046B1 /* icon16.png */ = {isa = PBXFileReference; lastKnownFileType = image.png; name = icon16.png; path = ../../build/icon16.png; sourceTree = "<group>"; };
		C0AB379A2D611BC0008046B1 /* background.js */ = {isa = PBXFileReference; lastKnownFileType = sourcecode.javascript; name = background.js; path = ../../build/background.js; sourceTree = "<group>"; };
		C0AB379B2D611BC0008046B1 /* icon48.png */ = {isa = PBXFileReference; lastKnownFileType = image.png; name = icon48.png; path = ../../build/icon48.png; sourceTree = "<group>"; };
		C0AB379C2D611BC0008046B1 /* icon128.png */ = {isa = PBXFileReference; lastKnownFileType = image.png; name = icon128.png; path = ../../build/icon128.png; sourceTree = "<group>"; };
		C0AB379D2D611BC0008046B1 /* icon96.png */ = {isa = PBXFileReference; lastKnownFileType = image.png; name = icon96.png; path = ../../build/icon96.png; sourceTree = "<group>"; };
		C0AB379E2D611BC0008046B1 /* manifest.json */ = {isa = PBXFileReference; lastKnownFileType = text.json; name = manifest.json; path = ../../build/manifest.json; sourceTree = "<group>"; };
		C0AB379F2D611BC0008046B1 /* settings.html */ = {isa = PBXFileReference; lastKnownFileType = text.html; name = settings.html; path = ../../build/settings.html; sourceTree = "<group>"; };
		C0AB37A02D611BC0008046B1 /* settings.js */ = {isa = PBXFileReference; lastKnownFileType = sourcecode.javascript; name = settings.js; path = ../../build/settings.js; sourceTree = "<group>"; };
/* End PBXFileReference section */

/* Begin PBXFrameworksBuildPhase section */
		C0AB37472D611BC0008046B1 /* Frameworks */ = {
			isa = PBXFrameworksBuildPhase;
			buildActionMask = 2147483647;
			files = (
			);
			runOnlyForDeploymentPostprocessing = 0;
		};
		C0AB37592D611BC0008046B1 /* Frameworks */ = {
			isa = PBXFrameworksBuildPhase;
			buildActionMask = 2147483647;
			files = (
			);
			runOnlyForDeploymentPostprocessing = 0;
		};
		C0AB37662D611BC0008046B1 /* Frameworks */ = {
			isa = PBXFrameworksBuildPhase;
			buildActionMask = 2147483647;
			files = (
			);
			runOnlyForDeploymentPostprocessing = 0;
		};
		C0AB37702D611BC0008046B1 /* Frameworks */ = {
			isa = PBXFrameworksBuildPhase;
			buildActionMask = 2147483647;
			files = (
			);
			runOnlyForDeploymentPostprocessing = 0;
		};
/* End PBXFrameworksBuildPhase section */

/* Begin PBXGroup section */
		C0AB37362D611BBF008046B1 = {
			isa = PBXGroup;
			children = (
				C0AB373B2D611BBF008046B1 /* Shared (App) */,
				C0AB37442D611BC0008046B1 /* Shared (Extension) */,
				C0AB374C2D611BC0008046B1 /* iOS (App) */,
				C0AB375D2D611BC0008046B1 /* macOS (App) */,
				C0AB376D2D611BC0008046B1 /* iOS (Extension) */,
				C0AB37772D611BC0008046B1 /* macOS (Extension) */,
				C0AB374B2D611BC0008046B1 /* Products */,
			);
			sourceTree = "<group>";
		};
		C0AB373B2D611BBF008046B1 /* Shared (App) */ = {
			isa = PBXGroup;
			children = (
				C0AB37422D611BBF008046B1 /* ViewController.swift */,
				C0AB37432D611BC0008046B1 /* Assets.xcassets */,
				C0AB373C2D611BBF008046B1 /* Resources */,
			);
			path = "Shared (App)";
			sourceTree = "<group>";
		};
		C0AB373C2D611BBF008046B1 /* Resources */ = {
			isa = PBXGroup;
			children = (
				C0AB373D2D611BBF008046B1 /* Main.html */,
				C0AB373F2D611BBF008046B1 /* Icon.png */,
				C0AB37402D611BBF008046B1 /* Style.css */,
				C0AB37412D611BBF008046B1 /* Script.js */,
			);
			path = Resources;
			sourceTree = "<group>";
		};
		C0AB37442D611BC0008046B1 /* Shared (Extension) */ = {
			isa = PBXGroup;
			children = (
				C0AB37982D611BC0008046B1 /* Resources */,
				C0AB37452D611BC0008046B1 /* SafariWebExtensionHandler.swift */,
			);
			path = "Shared (Extension)";
			sourceTree = "<group>";
		};
		C0AB374B2D611BC0008046B1 /* Products */ = {
			isa = PBXGroup;
			children = (
				C0AB374A2D611BC0008046B1 /* Omni Bookmark.app */,
				C0AB375C2D611BC0008046B1 /* Omni Bookmark.app */,
				C0AB37692D611BC0008046B1 /* Omni Bookmark Extension.appex */,
				C0AB37732D611BC0008046B1 /* Omni Bookmark Extension.appex */,
			);
			name = Products;
			sourceTree = "<group>";
		};
		C0AB374C2D611BC0008046B1 /* iOS (App) */ = {
			isa = PBXGroup;
			children = (
				C0AB374D2D611BC0008046B1 /* AppDelegate.swift */,
				C0AB374F2D611BC0008046B1 /* SceneDelegate.swift */,
				C0AB37512D611BC0008046B1 /* LaunchScreen.storyboard */,
				C0AB37542D611BC0008046B1 /* Main.storyboard */,
				C0AB37572D611BC0008046B1 /* Info.plist */,
			);
			path = "iOS (App)";
			sourceTree = "<group>";
		};
		C0AB375D2D611BC0008046B1 /* macOS (App) */ = {
			isa = PBXGroup;
			children = (
				C0AB375E2D611BC0008046B1 /* AppDelegate.swift */,
				C0AB37602D611BC0008046B1 /* Main.storyboard */,
				C0AB37632D611BC0008046B1 /* Info.plist */,
				C0AB37642D611BC0008046B1 /* Omni Bookmark.entitlements */,
			);
			path = "macOS (App)";
			sourceTree = "<group>";
		};
		C0AB376D2D611BC0008046B1 /* iOS (Extension) */ = {
			isa = PBXGroup;
			children = (
				C0AB376E2D611BC0008046B1 /* Info.plist */,
			);
			path = "iOS (Extension)";
			sourceTree = "<group>";
		};
		C0AB37772D611BC0008046B1 /* macOS (Extension) */ = {
			isa = PBXGroup;
			children = (
				C0AB37782D611BC0008046B1 /* Info.plist */,
				C0AB37792D611BC0008046B1 /* Omni Bookmark.entitlements */,
			);
			path = "macOS (Extension)";
			sourceTree = "<group>";
		};
		C0AB37982D611BC0008046B1 /* Resources */ = {
			isa = PBXGroup;
			children = (
				C0AB37992D611BC0008046B1 /* icon16.png */,
				C0AB379A2D611BC0008046B1 /* background.js */,
				C0AB379B2D611BC0008046B1 /* icon48.png */,
				C0AB379C2D611BC0008046B1 /* icon128.png */,
				C0AB379D2D611BC0008046B1 /* icon96.png */,
				C0AB379E2D611BC0008046B1 /* manifest.json */,
				C0AB379F2D611BC0008046B1 /* settings.html */,
				C0AB37A02D611BC0008046B1 /* settings.js */,
			);
			name = Resources;
			path = "Shared (Extension)";
			sourceTree = SOURCE_ROOT;
		};
/* End PBXGroup section */

/* Begin PBXNativeTarget section */
		C0AB37492D611BC0008046B1 /* Omni Bookmark (iOS) */ = {
			isa = PBXNativeTarget;
			buildConfigurationList = C0AB378E2D611BC0008046B1 /* Build configuration list for PBXNativeTarget "Omni Bookmark (iOS)" */;
			buildPhases = (
				C0AB37462D611BC0008046B1 /* Sources */,
				C0AB37472D611BC0008046B1 /* Frameworks */,
				C0AB37482D611BC0008046B1 /* Resources */,
				C0AB378D2D611BC0008046B1 /* Embed Foundation Extensions */,
			);
			buildRules = (
			);
			dependencies = (
				C0AB376C2D611BC0008046B1 /* PBXTargetDependency */,
			);
			name = "Omni Bookmark (iOS)";
			packageProductDependencies = (
			);
			productName = "Omni Bookmark (iOS)";
			productReference = C0AB374A2D611BC0008046B1 /* Omni Bookmark.app */;
			productType = "com.apple.product-type.application";
		};
		C0AB375B2D611BC0008046B1 /* Omni Bookmark (macOS) */ = {
			isa = PBXNativeTarget;
			buildConfigurationList = C0AB37952D611BC0008046B1 /* Build configuration list for PBXNativeTarget "Omni Bookmark (macOS)" */;
			buildPhases = (
				C0AB37582D611BC0008046B1 /* Sources */,
				C0AB37592D611BC0008046B1 /* Frameworks */,
				C0AB375A2D611BC0008046B1 /* Resources */,
				C0AB37942D611BC0008046B1 /* Embed Foundation Extensions */,
			);
			buildRules = (
			);
			dependencies = (
				C0AB37762D611BC0008046B1 /* PBXTargetDependency */,
			);
			name = "Omni Bookmark (macOS)";
			packageProductDependencies = (
			);
			productName = "Omni Bookmark (macOS)";
			productReference = C0AB375C2D611BC0008046B1 /* Omni Bookmark.app */;
			productType = "com.apple.product-type.application";
		};
		C0AB37682D611BC0008046B1 /* Omni Bookmark Extension (iOS) */ = {
			isa = PBXNativeTarget;
			buildConfigurationList = C0AB378A2D611BC0008046B1 /* Build configuration list for PBXNativeTarget "Omni Bookmark Extension (iOS)" */;
			buildPhases = (
				C0AB37652D611BC0008046B1 /* Sources */,
				C0AB37662D611BC0008046B1 /* Frameworks */,
				C0AB37672D611BC0008046B1 /* Resources */,
			);
			buildRules = (
			);
			dependencies = (
			);
			name = "Omni Bookmark Extension (iOS)";
			packageProductDependencies = (
			);
			productName = "Omni Bookmark Extension (iOS)";
			productReference = C0AB37692D611BC0008046B1 /* Omni Bookmark Extension.appex */;
			productType = "com.apple.product-type.app-extension";
		};
		C0AB37722D611BC0008046B1 /* Omni Bookmark Extension (macOS) */ = {
			isa = PBXNativeTarget;
			buildConfigurationList = C0AB37912D611BC0008046B1 /* Build configuration list for PBXNativeTarget "Omni Bookmark Extension (macOS)" */;
			buildPhases = (
				C0AB376F2D611BC0008046B1 /* Sources */,
				C0AB37702D611BC0008046B1 /* Frameworks */,
				C0AB37712D611BC0008046B1 /* Resources */,
			);
			buildRules = (
			);
			dependencies = (
			);
			name = "Omni Bookmark Extension (macOS)";
			packageProductDependencies = (
			);
			productName = "Omni Bookmark Extension (macOS)";
			productReference = C0AB37732D611BC0008046B1 /* Omni Bookmark Extension.appex */;
			productType = "com.apple.product-type.app-extension";
		};
/* End PBXNativeTarget section */

/* Begin PBXProject section */
		C0AB37372D611BBF008046B1 /* Project object */ = {
			isa = PBXProject;
			attributes = {
				BuildIndependentTargetsInParallel = 1;
				LastSwiftUpdateCheck = 1620;
				LastUpgradeCheck = 1620;
				TargetAttributes = {
					C0AB37492D611BC0008046B1 = {
						CreatedOnToolsVersion = 16.2;
					};
					C0AB375B2D611BC0008046B1 = {
						CreatedOnToolsVersion = 16.2;
					};
					C0AB37682D611BC0008046B1 = {
						CreatedOnToolsVersion = 16.2;
					};
					C0AB37722D611BC0008046B1 = {
						CreatedOnToolsVersion = 16.2;
					};
				};
			};
			buildConfigurationList = C0AB373A2D611BBF008046B1 /* Build configuration list for PBXProject "Omni Bookmark" */;
			developmentRegion = en;
			hasScannedForEncodings = 0;
			knownRegions = (
				en,
				Base,
			);
			mainGroup = C0AB37362D611BBF008046B1;
			minimizedProjectReferenceProxies = 1;
			preferredProjectObjectVersion = 77;
			productRefGroup = C0AB374B2D611BC0008046B1 /* Products */;
			projectDirPath = "";
			projectRoot = "";
			targets = (
				C0AB37492D611BC0008046B1 /* Omni Bookmark (iOS) */,
				C0AB375B2D611BC0008046B1 /* Omni Bookmark (macOS) */,
				C0AB37682D611BC0008046B1 /* Omni Bookmark Extension (iOS) */,
				C0AB37722D611BC0008046B1 /* Omni Bookmark Extension (macOS) */,
			);
		};
/* End PBXProject section */

/* Begin PBXResourcesBuildPhase section */
		C0AB37482D611BC0008046B1 /* Resources */ = {
			isa = PBXResourcesBuildPhase;
			buildActionMask = 2147483647;
			files = (
				C0AB377C2D611BC0008046B1 /* Icon.png in Resources */,
				C0AB37532D611BC0008046B1 /* LaunchScreen.storyboard in Resources */,
				C0AB377A2D611BC0008046B1 /* Main.html in Resources */,
				C0AB37802D611BC0008046B1 /* Script.js in Resources */,
				C0AB37842D611BC0008046B1 /* Assets.xcassets in Resources */,
				C0AB37562D611BC0008046B1 /* Main.storyboard in Resources */,
				C0AB377E2D611BC0008046B1 /* Style.css in Resources */,
			);
			runOnlyForDeploymentPostprocessing = 0;
		};
		C0AB375A2D611BC0008046B1 /* Resources */ = {
			isa = PBXResourcesBuildPhase;
			buildActionMask = 2147483647;
			files = (
				C0AB377D2D611BC0008046B1 /* Icon.png in Resources */,
				C0AB377F2D611BC0008046B1 /* Style.css in Resources */,
				C0AB37622D611BC0008046B1 /* Main.storyboard in Resources */,
				C0AB37812D611BC0008046B1 /* Script.js in Resources */,
				C0AB37852D611BC0008046B1 /* Assets.xcassets in Resources */,
				C0AB377B2D611BC0008046B1 /* Main.html in Resources */,
			);
			runOnlyForDeploymentPostprocessing = 0;
		};
		C0AB37672D611BC0008046B1 /* Resources */ = {
			isa = PBXResourcesBuildPhase;
			buildActionMask = 2147483647;
			files = (
				C0AB37AA2D611BC0008046B1 /* background.js in Resources */,
				C0AB37A92D611BC0008046B1 /* icon16.png in Resources */,
				C0AB37AC2D611BC0008046B1 /* icon128.png in Resources */,
				C0AB37AF2D611BC0008046B1 /* settings.html in Resources */,
				C0AB37AB2D611BC0008046B1 /* icon48.png in Resources */,
				C0AB37AE2D611BC0008046B1 /* manifest.json in Resources */,
				C0AB37AD2D611BC0008046B1 /* icon96.png in Resources */,
				C0AB37B02D611BC0008046B1 /* settings.js in Resources */,
			);
			runOnlyForDeploymentPostprocessing = 0;
		};
		C0AB37712D611BC0008046B1 /* Resources */ = {
			isa = PBXResourcesBuildPhase;
			buildActionMask = 2147483647;
			files = (
				C0AB37A22D611BC0008046B1 /* background.js in Resources */,
				C0AB37A12D611BC0008046B1 /* icon16.png in Resources */,
				C0AB37A42D611BC0008046B1 /* icon128.png in Resources */,
				C0AB37A72D611BC0008046B1 /* settings.html in Resources */,
				C0AB37A32D611BC0008046B1 /* icon48.png in Resources */,
				C0AB37A62D611BC0008046B1 /* manifest.json in Resources */,
				C0AB37A52D611BC0008046B1 /* icon96.png in Resources */,
				C0AB37A82D611BC0008046B1 /* settings.js in Resources */,
			);
			runOnlyForDeploymentPostprocessing = 0;
		};
/* End PBXResourcesBuildPhase section */

/* Begin PBXSourcesBuildPhase section */
		C0AB37462D611BC0008046B1 /* Sources */ = {
			isa = PBXSourcesBuildPhase;
			buildActionMask = 2147483647;
			files = (
				C0AB37822D611BC0008046B1 /* ViewController.swift in Sources */,
				C0AB374E2D611BC0008046B1 /* AppDelegate.swift in Sources */,
				C0AB37502D611BC0008046B1 /* SceneDelegate.swift in Sources */,
			);
			runOnlyForDeploymentPostprocessing = 0;
		};
		C0AB37582D611BC0008046B1 /* Sources */ = {
			isa = PBXSourcesBuildPhase;
			buildActionMask = 2147483647;
			files = (
				C0AB37832D611BC0008046B1 /* ViewController.swift in Sources */,
				C0AB375F2D611BC0008046B1 /* AppDelegate.swift in Sources */,
			);
			runOnlyForDeploymentPostprocessing = 0;
		};
		C0AB37652D611BC0008046B1 /* Sources */ = {
			isa = PBXSourcesBuildPhase;
			buildActionMask = 2147483647;
			files = (
				C0AB37862D611BC0008046B1 /* SafariWebExtensionHandler.swift in Sources */,
			);
			runOnlyForDeploymentPostprocessing = 0;
		};
		C0AB376F2D611BC0008046B1 /* Sources */ = {
			isa = PBXSourcesBuildPhase;
			buildActionMask = 2147483647;
			files = (
				C0AB37872D611BC0008046B1 /* SafariWebExtensionHandler.swift in Sources */,
			);
			runOnlyForDeploymentPostprocessing = 0;
		};
/* End PBXSourcesBuildPhase section */

/* Begin PBXTargetDependency section */
		C0AB376C2D611BC0008046B1 /* PBXTargetDependency */ = {
			isa = PBXTargetDependency;
			target = C0AB37682D611BC0008046B1 /* Omni Bookmark Extension (iOS) */;
			targetProxy = C0AB376B2D611BC0008046B1 /* PBXContainerItemProxy */;
		};
		C0AB37762D611BC0008046B1 /* PBXTargetDependency */ = {
			isa = PBXTargetDependency;
			target = C0AB37722D611BC0008046B1 /* Omni Bookmark Extension (macOS) */;
			targetProxy = C0AB37752D611BC0008046B1 /* PBXContainerItemProxy */;
		};
/* End PBXTargetDependency section */

/* Begin PBXVariantGroup section */
		C0AB373D2D611BBF008046B1 /* Main.html */ = {
			isa = PBXVariantGroup;
			children = (
				C0AB373E2D611BBF008046B1 /* Base */,
			);
			name = Main.html;
			sourceTree = "<group>";
		};
		C0AB37512D611BC0008046B1 /* LaunchScreen.storyboard */ = {
			isa = PBXVariantGroup;
			children = (
				C0AB37522D611BC0008046B1 /* Base */,
			);
			name = LaunchScreen.storyboard;
			sourceTree = "<group>";
		};
		C0AB37542D611BC0008046B1 /* Main.storyboard */ = {
			isa = PBXVariantGroup;
			children = (
				C0AB37552D611BC0008046B1 /* Base */,
			);
			name = Main.storyboard;
			sourceTree = "<group>";
		};
		C0AB37602D611BC0008046B1 /* Main.storyboard */ = {
			isa = PBXVariantGroup;
			children = (
				C0AB37612D611BC0008046B1 /* Base */,
			);
			name = Main.storyboard;
			sourceTree = "<group>";
		};
/* End PBXVariantGroup section */

/* Begin XCBuildConfiguration section */
		C0AB37882D611BC0008046B1 /* Debug */ = {
			isa = XCBuildConfiguration;
			buildSettings = {
				ALWAYS_SEARCH_USER_PATHS = NO;
				ASSETCATALOG_COMPILER_GENERATE_SWIFT_ASSET_SYMBOL_EXTENSIONS = YES;
				CLANG_ANALYZER_NONNULL = YES;
				CLANG_ANALYZER_NUMBER_OBJECT_CONVERSION = YES_AGGRESSIVE;
				CLANG_CXX_LANGUAGE_STANDARD = "gnu++20";
				CLANG_ENABLE_MODULES = YES;
				CLANG_ENABLE_OBJC_ARC = YES;
				CLANG_ENABLE_OBJC_WEAK = YES;
				CLANG_WARN_BLOCK_CAPTURE_AUTORELEASING = YES;
				CLANG_WARN_BOOL_CONVERSION = YES;
				CLANG_WARN_COMMA = YES;
				CLANG_WARN_CONSTANT_CONVERSION = YES;
				CLANG_WARN_DEPRECATED_OBJC_IMPLEMENTATIONS = YES;
				CLANG_WARN_DIRECT_OBJC_ISA_USAGE = YES_ERROR;
				CLANG_WARN_DOCUMENTATION_COMMENTS = YES;
				CLANG_WARN_EMPTY_BODY = YES;
				CLANG_WARN_ENUM_CONVERSION = YES;
				CLANG_WARN_INFINITE_RECURSION = YES;
				CLANG_WARN_INT_CONVERSION = YES;
				CLANG_WARN_NON_LITERAL_NULL_CONVERSION = YES;
				CLANG_WARN_OBJC_IMPLICIT_RETAIN_SELF = YES;
				CLANG_WARN_OBJC_LITERAL_CONVERSION = YES;
				CLANG_WARN_OBJC_ROOT_CLASS = YES_ERROR;
				CLANG_WARN_QUOTED_INCLUDE_IN_FRAMEWORK_HEADER = YES;
				CLANG_WARN_RANGE_LOOP_ANALYSIS = YES;
				CLANG_WARN_STRICT_PROTOTYPES = YES;
				CLANG_WARN_SUSPICIOUS_MOVE = YES;
				CLANG_WARN_UNGUARDED_AVAILABILITY = YES_AGGRESSIVE;
				CLANG_WARN_UNREACHABLE_CODE = YES;
				CLANG_WARN__DUPLICATE_METHOD_MATCH = YES;
				COPY_PHASE_STRIP = NO;
				DEBUG_INFORMATION_FORMAT = dwarf;
				ENABLE_STRICT_OBJC_MSGSEND = YES;
				ENABLE_TESTABILITY = YES;
				ENABLE_USER_SCRIPT_SANDBOXING = YES;
				GCC_C_LANGUAGE_STANDARD = gnu17;
				GCC_DYNAMIC_NO_PIC = NO;
				GCC_NO_COMMON_BLOCKS = YES;
				GCC_OPTIMIZATION_LEVEL = 0;
				GCC_PREPROCESSOR_DEFINITIONS = (
					"DEBUG=1",
					"$(inherited)",
				);
				GCC_WARN_64_TO_32_BIT_CONVERSION = YES;
				GCC_WARN_ABOUT_RETURN_TYPE = YES_ERROR;
				GCC_WARN_UNDECLARED_SELECTOR = YES;
				GCC_WARN_UNINITIALIZED_AUTOS = YES_AGGRESSIVE;
				GCC_WARN_UNUSED_FUNCTION = YES;
				GCC_WARN_UNUSED_VARIABLE = YES;
				LOCALIZATION_PREFERS_STRING_CATALOGS = YES;
				MTL_ENABLE_DEBUG_INFO = INCLUDE_SOURCE;
				MTL_FAST_MATH = YES;
				ONLY_ACTIVE_ARCH = YES;
				SWIFT_ACTIVE_COMPILATION_CONDITIONS = "DEBUG $(inherited)";
				SWIFT_OPTIMIZATION_LEVEL = "-Onone";
			};
			name = Debug;
		};
		C0AB37892D611BC0008046B1 /* Release */ = {
			isa = XCBuildConfiguration;
			buildSettings = {
				ALWAYS_SEARCH_USER_PATHS = NO;
				ASSETCATALOG_COMPILER_GENERATE_SWIFT_ASSET_SYMBOL_EXTENSIONS = YES;
				CLANG_ANALYZER_NONNULL = YES;
				CLANG_ANALYZER_NUMBER_OBJECT_CONVERSION = YES_AGGRESSIVE;
				CLANG_CXX_LANGUAGE_STANDARD = "gnu++20";
				CLANG_ENABLE_MODULES = YES;
				CLANG_ENABLE_OBJC_ARC = YES;
				CLANG_ENABLE_OBJC_WEAK = YES;
				CLANG_WARN_BLOCK_CAPTURE_AUTORELEASING = YES;
				CLANG_WARN_BOOL_CONVERSION = YES;
				CLANG_WARN_COMMA = YES;
				CLANG_WARN_CONSTANT_CONVERSION = YES;
				CLANG_WARN_DEPRECATED_OBJC_IMPLEMENTATIONS = YES;
				CLANG_WARN_DIRECT_OBJC_ISA_USAGE = YES_ERROR;
				CLANG_WARN_DOCUMENTATION_COMMENTS = YES;
				CLANG_WARN_EMPTY_BODY = YES;
				CLANG_WARN_ENUM_CONVERSION = YES;
				CLANG_WARN_INFINITE_RECURSION = YES;
				CLANG_WARN_INT_CONVERSION = YES;
				CLANG_WARN_NON_LITERAL_NULL_CONVERSION = YES;
				CLANG_WARN_OBJC_IMPLICIT_RETAIN_SELF = YES;
				CLANG_WARN_OBJC_LITERAL_CONVERSION = YES;
				CLANG_WARN_OBJC_ROOT_CLASS = YES_ERROR;
				CLANG_WARN_QUOTED_INCLUDE_IN_FRAMEWORK_HEADER = YES;
				CLANG_WARN_RANGE_LOOP_ANALYSIS = YES;
				CLANG_WARN_STRICT_PROTOTYPES = YES;
				CLANG_WARN_SUSPICIOUS_MOVE = YES;
				CLANG_WARN_UNGUARDED_AVAILABILITY = YES_AGGRESSIVE;
				CLANG_WARN_UNREACHABLE_CODE = YES;
				CLANG_WARN__DUPLICATE_METHOD_MATCH = YES;
				COPY_PHASE_STRIP = NO;
				DEBUG_INFORMATION_FORMAT = "dwarf-with-dsym";
				ENABLE_NS_ASSERTIONS = NO;
				ENABLE_STRICT_OBJC_MSGSEND = YES;
				ENABLE_USER_SCRIPT_SANDBOXING = YES;
				GCC_C_LANGUAGE_STANDARD = gnu17;
				GCC_NO_COMMON_BLOCKS = YES;
				GCC_WARN_64_TO_32_BIT_CONVERSION = YES;
				GCC_WARN_ABOUT_RETURN_TYPE = YES_ERROR;
				GCC_WARN_UNDECLARED_SELECTOR = YES;
				GCC_WARN_UNINITIALIZED_AUTOS = YES_AGGRESSIVE;
				GCC_WARN_UNUSED_FUNCTION = YES;
				GCC_WARN_UNUSED_VARIABLE = YES;
				LOCALIZATION_PREFERS_STRING_CATALOGS = YES;
				MTL_ENABLE_DEBUG_INFO = NO;
				MTL_FAST_MATH = YES;
				SWIFT_COMPILATION_MODE = wholemodule;
			};
			name = Release;
		};
		C0AB378B2D611BC0008046B1 /* Debug */ = {
			isa = XCBuildConfiguration;
			buildSettings = {
				CODE_SIGN_STYLE = Automatic;
				CURRENT_PROJECT_VERSION = 1;
				DEVELOPMENT_TEAM = 9EJMY5Z83L;
				GENERATE_INFOPLIST_FILE = YES;
				INFOPLIST_FILE = "iOS (Extension)/Info.plist";
				INFOPLIST_KEY_CFBundleDisplayName = "Omni Bookmark Extension";
				INFOPLIST_KEY_NSHumanReadableCopyright = "";
				IPHONEOS_DEPLOYMENT_TARGET = 15.0;
				LD_RUNPATH_SEARCH_PATHS = (
					"$(inherited)",
					"@executable_path/Frameworks",
					"@executable_path/../../Frameworks",
				);
				MARKETING_VERSION = 1.0;
				OTHER_LDFLAGS = (
					"-framework",
					SafariServices,
				);
				PRODUCT_BUNDLE_IDENTIFIER = "com.ashtonmeuser.Omni-Bookmark.Extension";
				PRODUCT_NAME = "Omni Bookmark Extension";
				SDKROOT = iphoneos;
				SKIP_INSTALL = YES;
				SWIFT_EMIT_LOC_STRINGS = YES;
				SWIFT_VERSION = 5.0;
				TARGETED_DEVICE_FAMILY = "1,2";
			};
			name = Debug;
		};
		C0AB378C2D611BC0008046B1 /* Release */ = {
			isa = XCBuildConfiguration;
			buildSettings = {
				CODE_SIGN_STYLE = Automatic;
				CURRENT_PROJECT_VERSION = 1;
				DEVELOPMENT_TEAM = 9EJMY5Z83L;
				GENERATE_INFOPLIST_FILE = YES;
				INFOPLIST_FILE = "iOS (Extension)/Info.plist";
				INFOPLIST_KEY_CFBundleDisplayName = "Omni Bookmark Extension";
				INFOPLIST_KEY_NSHumanReadableCopyright = "";
				IPHONEOS_DEPLOYMENT_TARGET = 15.0;
				LD_RUNPATH_SEARCH_PATHS = (
					"$(inherited)",
					"@executable_path/Frameworks",
					"@executable_path/../../Frameworks",
				);
				MARKETING_VERSION = 1.0;
				OTHER_LDFLAGS = (
					"-framework",
					SafariServices,
				);
				PRODUCT_BUNDLE_IDENTIFIER = "com.ashtonmeuser.Omni-Bookmark.Extension";
				PRODUCT_NAME = "Omni Bookmark Extension";
				SDKROOT = iphoneos;
				SKIP_INSTALL = YES;
				SWIFT_EMIT_LOC_STRINGS = YES;
				SWIFT_VERSION = 5.0;
				TARGETED_DEVICE_FAMILY = "1,2";
				VALIDATE_PRODUCT = YES;
			};
			name = Release;
		};
		C0AB378F2D611BC0008046B1 /* Debug */ = {
			isa = XCBuildConfiguration;
			buildSettings = {
				ASSETCATALOG_COMPILER_APPICON_NAME = AppIcon;
				ASSETCATALOG_COMPILER_GLOBAL_ACCENT_COLOR_NAME = AccentColor;
				CODE_SIGN_STYLE = Automatic;
				CURRENT_PROJECT_VERSION = 1;
				DEVELOPMENT_TEAM = 9EJMY5Z83L;
				GENERATE_INFOPLIST_FILE = YES;
				INFOPLIST_FILE = "iOS (App)/Info.plist";
				INFOPLIST_KEY_CFBundleDisplayName = "Omni Bookmark";
				INFOPLIST_KEY_UIApplicationSupportsIndirectInputEvents = YES;
				INFOPLIST_KEY_UILaunchStoryboardName = LaunchScreen;
				INFOPLIST_KEY_UIMainStoryboardFile = Main;
				INFOPLIST_KEY_UISupportedInterfaceOrientations = "UIInterfaceOrientationPortrait UIInterfaceOrientationLandscapeLeft UIInterfaceOrientationLandscapeRight";
				INFOPLIST_KEY_UISupportedInterfaceOrientations_iPad = "UIInterfaceOrientationPortrait UIInterfaceOrientationPortraitUpsideDown UIInterfaceOrientationLandscapeLeft UIInterfaceOrientationLandscapeRight";
				IPHONEOS_DEPLOYMENT_TARGET = 15.0;
				LD_RUNPATH_SEARCH_PATHS = (
					"$(inherited)",
					"@executable_path/Frameworks",
				);
				MARKETING_VERSION = 1.0;
				OTHER_LDFLAGS = (
					"-framework",
					SafariServices,
					"-framework",
					WebKit,
				);
				PRODUCT_BUNDLE_IDENTIFIER = "com.ashtonmeuser.Omni-Bookmark";
				PRODUCT_NAME = "Omni Bookmark";
				SDKROOT = iphoneos;
				SWIFT_EMIT_LOC_STRINGS = YES;
				SWIFT_VERSION = 5.0;
				TARGETED_DEVICE_FAMILY = "1,2";
			};
			name = Debug;
		};
		C0AB37902D611BC0008046B1 /* Release */ = {
			isa = XCBuildConfiguration;
			buildSettings = {
				ASSETCATALOG_COMPILER_APPICON_NAME = AppIcon;
				ASSETCATALOG_COMPILER_GLOBAL_ACCENT_COLOR_NAME = AccentColor;
				CODE_SIGN_STYLE = Automatic;
				CURRENT_PROJECT_VERSION = 1;
				DEVELOPMENT_TEAM = 9EJMY5Z83L;
				GENERATE_INFOPLIST_FILE = YES;
				INFOPLIST_FILE = "iOS (App)/Info.plist";
				INFOPLIST_KEY_CFBundleDisplayName = "Omni Bookmark";
				INFOPLIST_KEY_UIApplicationSupportsIndirectInputEvents = YES;
				INFOPLIST_KEY_UILaunchStoryboardName = LaunchScreen;
				INFOPLIST_KEY_UIMainStoryboardFile = Main;
				INFOPLIST_KEY_UISupportedInterfaceOrientations = "UIInterfaceOrientationPortrait UIInterfaceOrientationLandscapeLeft UIInterfaceOrientationLandscapeRight";
				INFOPLIST_KEY_UISupportedInterfaceOrientations_iPad = "UIInterfaceOrientationPortrait UIInterfaceOrientationPortraitUpsideDown UIInterfaceOrientationLandscapeLeft UIInterfaceOrientationLandscapeRight";
				IPHONEOS_DEPLOYMENT_TARGET = 15.0;
				LD_RUNPATH_SEARCH_PATHS = (
					"$(inherited)",
					"@executable_path/Frameworks",
				);
				MARKETING_VERSION = 1.0;
				OTHER_LDFLAGS = (
					"-framework",
					SafariServices,
					"-framework",
					WebKit,
				);
				PRODUCT_BUNDLE_IDENTIFIER = "com.ashtonmeuser.Omni-Bookmark";
				PRODUCT_NAME = "Omni Bookmark";
				SDKROOT = iphoneos;
				SWIFT_EMIT_LOC_STRINGS = YES;
				SWIFT_VERSION = 5.0;
				TARGETED_DEVICE_FAMILY = "1,2";
				VALIDATE_PRODUCT = YES;
			};
			name = Release;
		};
		C0AB37922D611BC0008046B1 /* Debug */ = {
			isa = XCBuildConfiguration;
			buildSettings = {
				CODE_SIGN_ENTITLEMENTS = "macOS (Extension)/Omni Bookmark.entitlements";
				CODE_SIGN_STYLE = Automatic;
				CURRENT_PROJECT_VERSION = 1;
				DEVELOPMENT_TEAM = 9EJMY5Z83L;
				ENABLE_HARDENED_RUNTIME = YES;
				GENERATE_INFOPLIST_FILE = YES;
				INFOPLIST_FILE = "macOS (Extension)/Info.plist";
				INFOPLIST_KEY_CFBundleDisplayName = "Omni Bookmark Extension";
				INFOPLIST_KEY_NSHumanReadableCopyright = "";
				LD_RUNPATH_SEARCH_PATHS = (
					"$(inherited)",
					"@executable_path/../Frameworks",
					"@executable_path/../../../../Frameworks",
				);
				MACOSX_DEPLOYMENT_TARGET = 10.14;
				MARKETING_VERSION = 1.0;
				OTHER_LDFLAGS = (
					"-framework",
					SafariServices,
				);
				PRODUCT_BUNDLE_IDENTIFIER = "com.ashtonmeuser.Omni-Bookmark.Extension";
				PRODUCT_NAME = "Omni Bookmark Extension";
				SDKROOT = macosx;
				SKIP_INSTALL = YES;
				SWIFT_EMIT_LOC_STRINGS = YES;
				SWIFT_VERSION = 5.0;
			};
			name = Debug;
		};
		C0AB37932D611BC0008046B1 /* Release */ = {
			isa = XCBuildConfiguration;
			buildSettings = {
				CODE_SIGN_ENTITLEMENTS = "macOS (Extension)/Omni Bookmark.entitlements";
				CODE_SIGN_STYLE = Automatic;
				CURRENT_PROJECT_VERSION = 1;
				DEVELOPMENT_TEAM = 9EJMY5Z83L;
				ENABLE_HARDENED_RUNTIME = YES;
				GENERATE_INFOPLIST_FILE = YES;
				INFOPLIST_FILE = "macOS (Extension)/Info.plist";
				INFOPLIST_KEY_CFBundleDisplayName = "Omni Bookmark Extension";
				INFOPLIST_KEY_NSHumanReadableCopyright = "";
				LD_RUNPATH_SEARCH_PATHS = (
					"$(inherited)",
					"@executable_path/../Frameworks",
					"@executable_path/../../../../Frameworks",
				);
				MACOSX_DEPLOYMENT_TARGET = 10.14;
				MARKETING_VERSION = 1.0;
				OTHER_LDFLAGS = (
					"-framework",
					SafariServices,
				);
				PRODUCT_BUNDLE_IDENTIFIER = "com.ashtonmeuser.Omni-Bookmark.Extension";
				PRODUCT_NAME = "Omni Bookmark Extension";
				SDKROOT = macosx;
				SKIP_INSTALL = YES;
				SWIFT_EMIT_LOC_STRINGS = YES;
				SWIFT_VERSION = 5.0;
			};
			name = Release;
		};
		C0AB37962D611BC0008046B1 /* Debug */ = {
			isa = XCBuildConfiguration;
			buildSettings = {
				ASSETCATALOG_COMPILER_APPICON_NAME = AppIcon;
				ASSETCATALOG_COMPILER_GLOBAL_ACCENT_COLOR_NAME = AccentColor;
				CODE_SIGN_ENTITLEMENTS = "macOS (App)/Omni Bookmark.entitlements";
				CODE_SIGN_STYLE = Automatic;
				CURRENT_PROJECT_VERSION = 1;
				DEVELOPMENT_TEAM = 9EJMY5Z83L;
				ENABLE_HARDENED_RUNTIME = YES;
				GENERATE_INFOPLIST_FILE = YES;
				INFOPLIST_FILE = "macOS (App)/Info.plist";
				INFOPLIST_KEY_CFBundleDisplayName = "Omni Bookmark";
				INFOPLIST_KEY_NSMainStoryboardFile = Main;
				INFOPLIST_KEY_NSPrincipalClass = NSApplication;
				LD_RUNPATH_SEARCH_PATHS = (
					"$(inherited)",
					"@executable_path/../Frameworks",
				);
				MACOSX_DEPLOYMENT_TARGET = 10.14;
				MARKETING_VERSION = 1.0;
				OTHER_LDFLAGS = (
					"-framework",
					SafariServices,
					"-framework",
					WebKit,
				);
				PRODUCT_BUNDLE_IDENTIFIER = "com.ashtonmeuser.Omni-Bookmark";
				PRODUCT_NAME = "Omni Bookmark";
				SDKROOT = macosx;
				SWIFT_EMIT_LOC_STRINGS = YES;
				SWIFT_VERSION = 5.0;
			};
			name = Debug;
		};
		C0AB37972D611BC0008046B1 /* Release */ = {
			isa = XCBuildConfiguration;
			buildSettings = {
				ASSETCATALOG_COMPILER_APPICON_NAME = AppIcon;
				ASSETCATALOG_COMPILER_GLOBAL_ACCENT_COLOR_NAME = AccentColor;
				CODE_SIGN_ENTITLEMENTS = "macOS (App)/Omni Bookmark.entitlements";
				CODE_SIGN_STYLE = Automatic;
				CURRENT_PROJECT_VERSION = 1;
				DEVELOPMENT_TEAM = 9EJMY5Z83L;
				ENABLE_HARDENED_RUNTIME = YES;
				GENERATE_INFOPLIST_FILE = YES;
				INFOPLIST_FILE = "macOS (App)/Info.plist";
				INFOPLIST_KEY_CFBundleDisplayName = "Omni Bookmark";
				INFOPLIST_KEY_NSMainStoryboardFile = Main;
				INFOPLIST_KEY_NSPrincipalClass = NSApplication;
				LD_RUNPATH_SEARCH_PATHS = (
					"$(inherited)",
					"@executable_path/../Frameworks",
				);
				MACOSX_DEPLOYMENT_TARGET = 10.14;
				MARKETING_VERSION = 1.0;
				OTHER_LDFLAGS = (
					"-framework",
					SafariServices,
					"-framework",
					WebKit,
				);
				PRODUCT_BUNDLE_IDENTIFIER = "com.ashtonmeuser.Omni-Bookmark";
				PRODUCT_NAME = "Omni Bookmark";
				SDKROOT = macosx;
				SWIFT_EMIT_LOC_STRINGS = YES;
				SWIFT_VERSION = 5.0;
			};
			name = Release;
		};
/* End XCBuildConfiguration section */

/* Begin XCConfigurationList section */
		C0AB373A2D611BBF008046B1 /* Build configuration list for PBXProject "Omni Bookmark" */ = {
			isa = XCConfigurationList;
			buildConfigurations = (
				C0AB37882D611BC0008046B1 /* Debug */,
				C0AB37892D611BC0008046B1 /* Release */,
			);
			defaultConfigurationIsVisible = 0;
			defaultConfigurationName = Release;
		};
		C0AB378A2D611BC0008046B1 /* Build configuration list for PBXNativeTarget "Omni Bookmark Extension (iOS)" */ = {
			isa = XCConfigurationList;
			buildConfigurations = (
				C0AB378B2D611BC0008046B1 /* Debug */,
				C0AB378C2D611BC0008046B1 /* Release */,
			);
			defaultConfigurationIsVisible = 0;
			defaultConfigurationName = Release;
		};
		C0AB378E2D611BC0008046B1 /* Build configuration list for PBXNativeTarget "Omni Bookmark (iOS)" */ = {
			isa = XCConfigurationList;
			buildConfigurations = (
				C0AB378F2D611BC0008046B1 /* Debug */,
				C0AB37902D611BC0008046B1 /* Release */,
			);
			defaultConfigurationIsVisible = 0;
			defaultConfigurationName = Release;
		};
		C0AB37912D611BC0008046B1 /* Build configuration list for PBXNativeTarget "Omni Bookmark Extension (macOS)" */ = {
			isa = XCConfigurationList;
			buildConfigurations = (
				C0AB37922D611BC0008046B1 /* Debug */,
				C0AB37932D611BC0008046B1 /* Release */,
			);
			defaultConfigurationIsVisible = 0;
			defaultConfigurationName = Release;
		};
		C0AB37952D611BC0008046B1 /* Build configuration list for PBXNativeTarget "Omni Bookmark (macOS)" */ = {
			isa = XCConfigurationList;
			buildConfigurations = (
				C0AB37962D611BC0008046B1 /* Debug */,
				C0AB37972D611BC0008046B1 /* Release */,
			);
			defaultConfigurationIsVisible = 0;
			defaultConfigurationName = Release;
		};
/* End XCConfigurationList section */
	};
	rootObject = C0AB37372D611BBF008046B1 /* Project object */;
}
